// !$*UTF8*$!
{
	archiveVersion = 1;
	classes = {
	};
	objectVersion = 51;
	objects = {

/* Begin PBXBuildFile section */
		08723E7B2503C54C006FF47F /* DetailInvestimentViewController.swift in Sources */ = {isa = PBXBuildFile; fileRef = 08723E792503C54C006FF47F /* DetailInvestimentViewController.swift */; };
		08CABAEC250CFEB200CEC740 /* HasCodeView.swift in Sources */ = {isa = PBXBuildFile; fileRef = 08CABAEB250CFEB200CEC740 /* HasCodeView.swift */; };
		08CABAEE250CFEC200CEC740 /* CodeView.swift in Sources */ = {isa = PBXBuildFile; fileRef = 08CABAED250CFEC200CEC740 /* CodeView.swift */; };
		08CABAF0250CFFB800CEC740 /* DetailInvestimentView.swift in Sources */ = {isa = PBXBuildFile; fileRef = 08CABAEF250CFFB800CEC740 /* DetailInvestimentView.swift */; };
		08CABAF2250D0D9B00CEC740 /* AppStyle.swift in Sources */ = {isa = PBXBuildFile; fileRef = 08CABAF1250D0D9B00CEC740 /* AppStyle.swift */; };
		08CABAF5250D1CD500CEC740 /* DetailInvestimentLbTitle.swift in Sources */ = {isa = PBXBuildFile; fileRef = 08CABAF4250D1CD500CEC740 /* DetailInvestimentLbTitle.swift */; };
		08CABAF7250D1E0700CEC740 /* DetailInvestimentLbTodayValues.swift in Sources */ = {isa = PBXBuildFile; fileRef = 08CABAF6250D1E0700CEC740 /* DetailInvestimentLbTodayValues.swift */; };
		08CABAF9250D1E9A00CEC740 /* DetailInvestimentLbInfos.swift in Sources */ = {isa = PBXBuildFile; fileRef = 08CABAF8250D1E9A00CEC740 /* DetailInvestimentLbInfos.swift */; };
		08D39A152503FF5300E35499 /* DetailInvestiment.storyboard in Resources */ = {isa = PBXBuildFile; fileRef = 08D39A142503FF5300E35499 /* DetailInvestiment.storyboard */; };
		172A0219251C074500A5B99B /* FirebaseAuth.swift in Sources */ = {isa = PBXBuildFile; fileRef = 172A0218251C074500A5B99B /* FirebaseAuth.swift */; };
		172A021B251C094100A5B99B /* GoogleService-Info.plist in Resources */ = {isa = PBXBuildFile; fileRef = 172A021A251C094100A5B99B /* GoogleService-Info.plist */; };
		172A021D251C0B6F00A5B99B /* LoginTesteViewController.swift in Sources */ = {isa = PBXBuildFile; fileRef = 172A021C251C0B6F00A5B99B /* LoginTesteViewController.swift */; };
		174ABA9C2503CADB00CC09E9 /* NewInvestmentModel.swift in Sources */ = {isa = PBXBuildFile; fileRef = 174ABA9B2503CADB00CC09E9 /* NewInvestmentModel.swift */; };
		174ABA9E2503CAFC00CC09E9 /* InvestmentManager.swift in Sources */ = {isa = PBXBuildFile; fileRef = 174ABA9D2503CAFC00CC09E9 /* InvestmentManager.swift */; };
		1755D2FD2503EED500B6691E /* UIVIewController+Context.swift in Sources */ = {isa = PBXBuildFile; fileRef = 1755D2FC2503EED500B6691E /* UIVIewController+Context.swift */; };
		176F19CF251C0F37004AD555 /* Auth.swift in Sources */ = {isa = PBXBuildFile; fileRef = 176F19CE251C0F37004AD555 /* Auth.swift */; };
		179648BA250CF75300DF6424 /* Coordinator.swift in Sources */ = {isa = PBXBuildFile; fileRef = 179648B9250CF75300DF6424 /* Coordinator.swift */; };
		179648BC250CF81500DF6424 /* DetailInvestmentCoordinator.swift in Sources */ = {isa = PBXBuildFile; fileRef = 179648BB250CF81500DF6424 /* DetailInvestmentCoordinator.swift */; };
		179648BE250CF82400DF6424 /* NewInvestmentCoordinator.swift in Sources */ = {isa = PBXBuildFile; fileRef = 179648BD250CF82400DF6424 /* NewInvestmentCoordinator.swift */; };
		179648C0250CF83700DF6424 /* ListInvestmentCoordinator.swift in Sources */ = {isa = PBXBuildFile; fileRef = 179648BF250CF83700DF6424 /* ListInvestmentCoordinator.swift */; };
		179648C2250CF84900DF6424 /* HomeCoordinator.swift in Sources */ = {isa = PBXBuildFile; fileRef = 179648C1250CF84900DF6424 /* HomeCoordinator.swift */; };
		179648C6250D4B4000DF6424 /* DetailInvestmentViewModel.swift in Sources */ = {isa = PBXBuildFile; fileRef = 179648C5250D4B4000DF6424 /* DetailInvestmentViewModel.swift */; };
		8AA4E22D250D0CBA00C1DB58 /* ListInvestmentsView.swift in Sources */ = {isa = PBXBuildFile; fileRef = 8AA4E22C250D0CBA00C1DB58 /* ListInvestmentsView.swift */; };
		8AAE714C250D003B0014F090 /* ListInvestmentsCellViewModel.swift in Sources */ = {isa = PBXBuildFile; fileRef = 8AAE714B250D003B0014F090 /* ListInvestmentsCellViewModel.swift */; };
		8ABB7C302503C48800DBAF15 /* ListInvestments.storyboard in Resources */ = {isa = PBXBuildFile; fileRef = 8ABB7C2F2503C48800DBAF15 /* ListInvestments.storyboard */; };
		8ABB7C352503C53A00DBAF15 /* GradientButton.swift in Sources */ = {isa = PBXBuildFile; fileRef = 8ABB7C342503C53A00DBAF15 /* GradientButton.swift */; };
		8ABB7C382503C65600DBAF15 /* Color+Gradient.swift in Sources */ = {isa = PBXBuildFile; fileRef = 8ABB7C372503C65600DBAF15 /* Color+Gradient.swift */; };
		8ABB7C3A2503C80700DBAF15 /* ListInvestmentsViewController.swift in Sources */ = {isa = PBXBuildFile; fileRef = 8ABB7C392503C80700DBAF15 /* ListInvestmentsViewController.swift */; };
		8ABB7C3C2503CAB700DBAF15 /* UITableView+FooterView.swift in Sources */ = {isa = PBXBuildFile; fileRef = 8ABB7C3B2503CAB600DBAF15 /* UITableView+FooterView.swift */; };
		8ABB7C3E2503CE7100DBAF15 /* ListInvestmentsTableViewCell.swift in Sources */ = {isa = PBXBuildFile; fileRef = 8ABB7C3D2503CE7100DBAF15 /* ListInvestmentsTableViewCell.swift */; };
		8ABB7C412503E32300DBAF15 /* ForexAPI.swift in Sources */ = {isa = PBXBuildFile; fileRef = 8ABB7C402503E32300DBAF15 /* ForexAPI.swift */; };
		8ABB7C442503E66500DBAF15 /* ForexModel.swift in Sources */ = {isa = PBXBuildFile; fileRef = 8ABB7C432503E66500DBAF15 /* ForexModel.swift */; };
		8ABB7C462503ED7D00DBAF15 /* ForexQuote.swift in Sources */ = {isa = PBXBuildFile; fileRef = 8ABB7C452503ED7D00DBAF15 /* ForexQuote.swift */; };
		8ABB7C482503EEBB00DBAF15 /* Double+MoneyFormat.swift in Sources */ = {isa = PBXBuildFile; fileRef = 8ABB7C472503EEBA00DBAF15 /* Double+MoneyFormat.swift */; };
		8ABEC83C2503F95D0008568D /* UIView+GradientSublayer.swift in Sources */ = {isa = PBXBuildFile; fileRef = 8ABEC83B2503F95D0008568D /* UIView+GradientSublayer.swift */; };
		8AF3E65C250CF72900EA75CA /* ListInvestmentsViewModel.swift in Sources */ = {isa = PBXBuildFile; fileRef = 8AF3E65B250CF72900EA75CA /* ListInvestmentsViewModel.swift */; };
		9D4519AECA64B7AA9C733937 /* Pods_Iti.framework in Frameworks */ = {isa = PBXBuildFile; fileRef = C5E43DECA0557FA1FF766D9D /* Pods_Iti.framework */; };
		BF9414A22512E857000FA3B3 /* Localization.swift in Sources */ = {isa = PBXBuildFile; fileRef = BF9414A12512E857000FA3B3 /* Localization.swift */; };
		BF9414A92512E908000FA3B3 /* Localizable.strings in Resources */ = {isa = PBXBuildFile; fileRef = BF9414AB2512E908000FA3B3 /* Localizable.strings */; };
		E72270092503E4C7006BF6F1 /* CustomLabel.swift in Sources */ = {isa = PBXBuildFile; fileRef = E72270082503E4C7006BF6F1 /* CustomLabel.swift */; };
		E722700B2503E4CC006BF6F1 /* CustomTextfield.swift in Sources */ = {isa = PBXBuildFile; fileRef = E722700A2503E4CC006BF6F1 /* CustomTextfield.swift */; };
		E722700D2503E502006BF6F1 /* FormStatus.swift in Sources */ = {isa = PBXBuildFile; fileRef = E722700C2503E502006BF6F1 /* FormStatus.swift */; };
		E722700F2503FA0B006BF6F1 /* Date+Formatter.swift in Sources */ = {isa = PBXBuildFile; fileRef = E722700E2503FA0B006BF6F1 /* Date+Formatter.swift */; };
		E793C2F42503C41A0093D921 /* NewInvestiment.storyboard in Resources */ = {isa = PBXBuildFile; fileRef = E793C2F32503C41A0093D921 /* NewInvestiment.storyboard */; };
		E793C2F62503C42B0093D921 /* NewInvestimentViewController.swift in Sources */ = {isa = PBXBuildFile; fileRef = E793C2F52503C42B0093D921 /* NewInvestimentViewController.swift */; };
		E7BA9690250CF795006B464F /* InvestmentViewModel.swift in Sources */ = {isa = PBXBuildFile; fileRef = E7BA968F250CF795006B464F /* InvestmentViewModel.swift */; };
		E7BA9695250D0FB8006B464F /* NewInvestment.swift in Sources */ = {isa = PBXBuildFile; fileRef = E7BA9694250D0FB8006B464F /* NewInvestment.swift */; };
		E7BA9697250D0FED006B464F /* FormStackView.swift in Sources */ = {isa = PBXBuildFile; fileRef = E7BA9696250D0FED006B464F /* FormStackView.swift */; };
		E7EAD0A22503C05D00400CB7 /* AppDelegate.swift in Sources */ = {isa = PBXBuildFile; fileRef = E7EAD0A12503C05D00400CB7 /* AppDelegate.swift */; };
		E7EAD0A62503C05D00400CB7 /* ViewController.swift in Sources */ = {isa = PBXBuildFile; fileRef = E7EAD0A52503C05D00400CB7 /* ViewController.swift */; };
		E7EAD0A92503C05D00400CB7 /* Main.storyboard in Resources */ = {isa = PBXBuildFile; fileRef = E7EAD0A72503C05D00400CB7 /* Main.storyboard */; };
		E7EAD0AC2503C05D00400CB7 /* Iti.xcdatamodeld in Sources */ = {isa = PBXBuildFile; fileRef = E7EAD0AA2503C05D00400CB7 /* Iti.xcdatamodeld */; };
		E7EAD0AE2503C05F00400CB7 /* Assets.xcassets in Resources */ = {isa = PBXBuildFile; fileRef = E7EAD0AD2503C05F00400CB7 /* Assets.xcassets */; };
		E7EAD0B12503C05F00400CB7 /* LaunchScreen.storyboard in Resources */ = {isa = PBXBuildFile; fileRef = E7EAD0AF2503C05F00400CB7 /* LaunchScreen.storyboard */; };
/* End PBXBuildFile section */

/* Begin PBXFileReference section */
		08723E792503C54C006FF47F /* DetailInvestimentViewController.swift */ = {isa = PBXFileReference; lastKnownFileType = sourcecode.swift; path = DetailInvestimentViewController.swift; sourceTree = "<group>"; };
		08CABAEB250CFEB200CEC740 /* HasCodeView.swift */ = {isa = PBXFileReference; lastKnownFileType = sourcecode.swift; path = HasCodeView.swift; sourceTree = "<group>"; };
		08CABAED250CFEC200CEC740 /* CodeView.swift */ = {isa = PBXFileReference; lastKnownFileType = sourcecode.swift; path = CodeView.swift; sourceTree = "<group>"; };
		08CABAEF250CFFB800CEC740 /* DetailInvestimentView.swift */ = {isa = PBXFileReference; lastKnownFileType = sourcecode.swift; path = DetailInvestimentView.swift; sourceTree = "<group>"; };
		08CABAF1250D0D9B00CEC740 /* AppStyle.swift */ = {isa = PBXFileReference; lastKnownFileType = sourcecode.swift; path = AppStyle.swift; sourceTree = "<group>"; };
		08CABAF4250D1CD500CEC740 /* DetailInvestimentLbTitle.swift */ = {isa = PBXFileReference; lastKnownFileType = sourcecode.swift; path = DetailInvestimentLbTitle.swift; sourceTree = "<group>"; };
		08CABAF6250D1E0700CEC740 /* DetailInvestimentLbTodayValues.swift */ = {isa = PBXFileReference; lastKnownFileType = sourcecode.swift; path = DetailInvestimentLbTodayValues.swift; sourceTree = "<group>"; };
		08CABAF8250D1E9A00CEC740 /* DetailInvestimentLbInfos.swift */ = {isa = PBXFileReference; lastKnownFileType = sourcecode.swift; path = DetailInvestimentLbInfos.swift; sourceTree = "<group>"; };
		08D39A142503FF5300E35499 /* DetailInvestiment.storyboard */ = {isa = PBXFileReference; lastKnownFileType = file.storyboard; path = DetailInvestiment.storyboard; sourceTree = "<group>"; };
		172A0218251C074500A5B99B /* FirebaseAuth.swift */ = {isa = PBXFileReference; lastKnownFileType = sourcecode.swift; path = FirebaseAuth.swift; sourceTree = "<group>"; };
		172A021A251C094100A5B99B /* GoogleService-Info.plist */ = {isa = PBXFileReference; fileEncoding = 4; lastKnownFileType = text.plist.xml; path = "GoogleService-Info.plist"; sourceTree = "<group>"; };
		172A021C251C0B6F00A5B99B /* LoginTesteViewController.swift */ = {isa = PBXFileReference; lastKnownFileType = sourcecode.swift; path = LoginTesteViewController.swift; sourceTree = "<group>"; };
		174ABA9B2503CADB00CC09E9 /* NewInvestmentModel.swift */ = {isa = PBXFileReference; lastKnownFileType = sourcecode.swift; path = NewInvestmentModel.swift; sourceTree = "<group>"; };
		174ABA9D2503CAFC00CC09E9 /* InvestmentManager.swift */ = {isa = PBXFileReference; lastKnownFileType = sourcecode.swift; path = InvestmentManager.swift; sourceTree = "<group>"; };
		1755D2FC2503EED500B6691E /* UIVIewController+Context.swift */ = {isa = PBXFileReference; lastKnownFileType = sourcecode.swift; path = "UIVIewController+Context.swift"; sourceTree = "<group>"; };
		176F19CE251C0F37004AD555 /* Auth.swift */ = {isa = PBXFileReference; lastKnownFileType = sourcecode.swift; path = Auth.swift; sourceTree = "<group>"; };
		179648B9250CF75300DF6424 /* Coordinator.swift */ = {isa = PBXFileReference; lastKnownFileType = sourcecode.swift; path = Coordinator.swift; sourceTree = "<group>"; };
		179648BB250CF81500DF6424 /* DetailInvestmentCoordinator.swift */ = {isa = PBXFileReference; lastKnownFileType = sourcecode.swift; path = DetailInvestmentCoordinator.swift; sourceTree = "<group>"; };
		179648BD250CF82400DF6424 /* NewInvestmentCoordinator.swift */ = {isa = PBXFileReference; lastKnownFileType = sourcecode.swift; path = NewInvestmentCoordinator.swift; sourceTree = "<group>"; };
		179648BF250CF83700DF6424 /* ListInvestmentCoordinator.swift */ = {isa = PBXFileReference; lastKnownFileType = sourcecode.swift; path = ListInvestmentCoordinator.swift; sourceTree = "<group>"; };
		179648C1250CF84900DF6424 /* HomeCoordinator.swift */ = {isa = PBXFileReference; lastKnownFileType = sourcecode.swift; path = HomeCoordinator.swift; sourceTree = "<group>"; };
		179648C5250D4B4000DF6424 /* DetailInvestmentViewModel.swift */ = {isa = PBXFileReference; lastKnownFileType = sourcecode.swift; path = DetailInvestmentViewModel.swift; sourceTree = "<group>"; };
		1E2597BD9E5687B2F66893FA /* Pods-Iti.release.xcconfig */ = {isa = PBXFileReference; includeInIndex = 1; lastKnownFileType = text.xcconfig; name = "Pods-Iti.release.xcconfig"; path = "Target Support Files/Pods-Iti/Pods-Iti.release.xcconfig"; sourceTree = "<group>"; };
		48857388B4AA3007DD506DF9 /* Pods-Iti.debug.xcconfig */ = {isa = PBXFileReference; includeInIndex = 1; lastKnownFileType = text.xcconfig; name = "Pods-Iti.debug.xcconfig"; path = "Target Support Files/Pods-Iti/Pods-Iti.debug.xcconfig"; sourceTree = "<group>"; };
		8AA4E22C250D0CBA00C1DB58 /* ListInvestmentsView.swift */ = {isa = PBXFileReference; lastKnownFileType = sourcecode.swift; path = ListInvestmentsView.swift; sourceTree = "<group>"; };
		8AAE714B250D003B0014F090 /* ListInvestmentsCellViewModel.swift */ = {isa = PBXFileReference; lastKnownFileType = sourcecode.swift; path = ListInvestmentsCellViewModel.swift; sourceTree = "<group>"; };
		8ABB7C2F2503C48800DBAF15 /* ListInvestments.storyboard */ = {isa = PBXFileReference; lastKnownFileType = file.storyboard; path = ListInvestments.storyboard; sourceTree = "<group>"; };
		8ABB7C342503C53A00DBAF15 /* GradientButton.swift */ = {isa = PBXFileReference; lastKnownFileType = sourcecode.swift; path = GradientButton.swift; sourceTree = "<group>"; };
		8ABB7C372503C65600DBAF15 /* Color+Gradient.swift */ = {isa = PBXFileReference; lastKnownFileType = sourcecode.swift; path = "Color+Gradient.swift"; sourceTree = "<group>"; };
		8ABB7C392503C80700DBAF15 /* ListInvestmentsViewController.swift */ = {isa = PBXFileReference; lastKnownFileType = sourcecode.swift; path = ListInvestmentsViewController.swift; sourceTree = "<group>"; };
		8ABB7C3B2503CAB600DBAF15 /* UITableView+FooterView.swift */ = {isa = PBXFileReference; lastKnownFileType = sourcecode.swift; path = "UITableView+FooterView.swift"; sourceTree = "<group>"; };
		8ABB7C3D2503CE7100DBAF15 /* ListInvestmentsTableViewCell.swift */ = {isa = PBXFileReference; lastKnownFileType = sourcecode.swift; path = ListInvestmentsTableViewCell.swift; sourceTree = "<group>"; };
		8ABB7C402503E32300DBAF15 /* ForexAPI.swift */ = {isa = PBXFileReference; lastKnownFileType = sourcecode.swift; path = ForexAPI.swift; sourceTree = "<group>"; };
		8ABB7C432503E66500DBAF15 /* ForexModel.swift */ = {isa = PBXFileReference; lastKnownFileType = sourcecode.swift; path = ForexModel.swift; sourceTree = "<group>"; };
		8ABB7C452503ED7D00DBAF15 /* ForexQuote.swift */ = {isa = PBXFileReference; lastKnownFileType = sourcecode.swift; path = ForexQuote.swift; sourceTree = "<group>"; };
		8ABB7C472503EEBA00DBAF15 /* Double+MoneyFormat.swift */ = {isa = PBXFileReference; lastKnownFileType = sourcecode.swift; path = "Double+MoneyFormat.swift"; sourceTree = "<group>"; };
		8ABEC83B2503F95D0008568D /* UIView+GradientSublayer.swift */ = {isa = PBXFileReference; lastKnownFileType = sourcecode.swift; path = "UIView+GradientSublayer.swift"; sourceTree = "<group>"; };
		8AF3E65B250CF72900EA75CA /* ListInvestmentsViewModel.swift */ = {isa = PBXFileReference; lastKnownFileType = sourcecode.swift; path = ListInvestmentsViewModel.swift; sourceTree = "<group>"; };
		BF9414A12512E857000FA3B3 /* Localization.swift */ = {isa = PBXFileReference; lastKnownFileType = sourcecode.swift; path = Localization.swift; sourceTree = "<group>"; };
		BF9414A52512E8DC000FA3B3 /* pt-BR */ = {isa = PBXFileReference; lastKnownFileType = text.plist.strings; name = "pt-BR"; path = "pt-BR.lproj/Main.strings"; sourceTree = "<group>"; };
		BF9414A62512E8DC000FA3B3 /* pt-BR */ = {isa = PBXFileReference; lastKnownFileType = text.plist.strings; name = "pt-BR"; path = "pt-BR.lproj/LaunchScreen.strings"; sourceTree = "<group>"; };
		BF9414A72512E8E8000FA3B3 /* es */ = {isa = PBXFileReference; lastKnownFileType = text.plist.strings; name = es; path = es.lproj/Main.strings; sourceTree = "<group>"; };
		BF9414A82512E8E8000FA3B3 /* es */ = {isa = PBXFileReference; lastKnownFileType = text.plist.strings; name = es; path = es.lproj/LaunchScreen.strings; sourceTree = "<group>"; };
		BF9414AA2512E908000FA3B3 /* en */ = {isa = PBXFileReference; lastKnownFileType = text.plist.strings; name = en; path = en.lproj/Localizable.strings; sourceTree = "<group>"; };
		BF9414AC2512E90C000FA3B3 /* pt-BR */ = {isa = PBXFileReference; lastKnownFileType = text.plist.strings; name = "pt-BR"; path = "pt-BR.lproj/Localizable.strings"; sourceTree = "<group>"; };
		BF9414AD2512E90E000FA3B3 /* es */ = {isa = PBXFileReference; lastKnownFileType = text.plist.strings; name = es; path = es.lproj/Localizable.strings; sourceTree = "<group>"; };
		C5E43DECA0557FA1FF766D9D /* Pods_Iti.framework */ = {isa = PBXFileReference; explicitFileType = wrapper.framework; includeInIndex = 0; path = Pods_Iti.framework; sourceTree = BUILT_PRODUCTS_DIR; };
		E72270082503E4C7006BF6F1 /* CustomLabel.swift */ = {isa = PBXFileReference; lastKnownFileType = sourcecode.swift; path = CustomLabel.swift; sourceTree = "<group>"; };
		E722700A2503E4CC006BF6F1 /* CustomTextfield.swift */ = {isa = PBXFileReference; lastKnownFileType = sourcecode.swift; path = CustomTextfield.swift; sourceTree = "<group>"; };
		E722700C2503E502006BF6F1 /* FormStatus.swift */ = {isa = PBXFileReference; lastKnownFileType = sourcecode.swift; path = FormStatus.swift; sourceTree = "<group>"; };
		E722700E2503FA0B006BF6F1 /* Date+Formatter.swift */ = {isa = PBXFileReference; lastKnownFileType = sourcecode.swift; path = "Date+Formatter.swift"; sourceTree = "<group>"; };
		E793C2F32503C41A0093D921 /* NewInvestiment.storyboard */ = {isa = PBXFileReference; lastKnownFileType = file.storyboard; path = NewInvestiment.storyboard; sourceTree = "<group>"; };
		E793C2F52503C42B0093D921 /* NewInvestimentViewController.swift */ = {isa = PBXFileReference; lastKnownFileType = sourcecode.swift; path = NewInvestimentViewController.swift; sourceTree = "<group>"; };
		E7BA968F250CF795006B464F /* InvestmentViewModel.swift */ = {isa = PBXFileReference; lastKnownFileType = sourcecode.swift; path = InvestmentViewModel.swift; sourceTree = "<group>"; };
		E7BA9694250D0FB8006B464F /* NewInvestment.swift */ = {isa = PBXFileReference; lastKnownFileType = sourcecode.swift; path = NewInvestment.swift; sourceTree = "<group>"; };
		E7BA9696250D0FED006B464F /* FormStackView.swift */ = {isa = PBXFileReference; lastKnownFileType = sourcecode.swift; path = FormStackView.swift; sourceTree = "<group>"; };
		E7EAD09E2503C05D00400CB7 /* Iti.app */ = {isa = PBXFileReference; explicitFileType = wrapper.application; includeInIndex = 0; path = Iti.app; sourceTree = BUILT_PRODUCTS_DIR; };
		E7EAD0A12503C05D00400CB7 /* AppDelegate.swift */ = {isa = PBXFileReference; lastKnownFileType = sourcecode.swift; path = AppDelegate.swift; sourceTree = "<group>"; };
		E7EAD0A52503C05D00400CB7 /* ViewController.swift */ = {isa = PBXFileReference; lastKnownFileType = sourcecode.swift; path = ViewController.swift; sourceTree = "<group>"; };
		E7EAD0A82503C05D00400CB7 /* Base */ = {isa = PBXFileReference; lastKnownFileType = file.storyboard; name = Base; path = Base.lproj/Main.storyboard; sourceTree = "<group>"; };
		E7EAD0AB2503C05D00400CB7 /* Iti.xcdatamodel */ = {isa = PBXFileReference; lastKnownFileType = wrapper.xcdatamodel; path = Iti.xcdatamodel; sourceTree = "<group>"; };
		E7EAD0AD2503C05F00400CB7 /* Assets.xcassets */ = {isa = PBXFileReference; lastKnownFileType = folder.assetcatalog; path = Assets.xcassets; sourceTree = "<group>"; };
		E7EAD0B02503C05F00400CB7 /* Base */ = {isa = PBXFileReference; lastKnownFileType = file.storyboard; name = Base; path = Base.lproj/LaunchScreen.storyboard; sourceTree = "<group>"; };
		E7EAD0B22503C05F00400CB7 /* Info.plist */ = {isa = PBXFileReference; lastKnownFileType = text.plist.xml; path = Info.plist; sourceTree = "<group>"; };
/* End PBXFileReference section */

/* Begin PBXFrameworksBuildPhase section */
		E7EAD09B2503C05D00400CB7 /* Frameworks */ = {
			isa = PBXFrameworksBuildPhase;
			buildActionMask = 2147483647;
			files = (
				9D4519AECA64B7AA9C733937 /* Pods_Iti.framework in Frameworks */,
			);
			runOnlyForDeploymentPostprocessing = 0;
		};
/* End PBXFrameworksBuildPhase section */

/* Begin PBXGroup section */
		08723E752503C4FD006FF47F /* View */ = {
			isa = PBXGroup;
			children = (
				08D39A142503FF5300E35499 /* DetailInvestiment.storyboard */,
				08CABAEF250CFFB800CEC740 /* DetailInvestimentView.swift */,
			);
			path = View;
			sourceTree = "<group>";
		};
		08723E762503C506006FF47F /* Controller */ = {
			isa = PBXGroup;
			children = (
				08723E792503C54C006FF47F /* DetailInvestimentViewController.swift */,
			);
			path = Controller;
			sourceTree = "<group>";
		};
		08723E782503C519006FF47F /* Model */ = {
			isa = PBXGroup;
			children = (
			);
			path = Model;
			sourceTree = "<group>";
		};
		08CABAEA250CFE3800CEC740 /* Protocol */ = {
			isa = PBXGroup;
			children = (
				08CABAEB250CFEB200CEC740 /* HasCodeView.swift */,
				08CABAED250CFEC200CEC740 /* CodeView.swift */,
			);
			path = Protocol;
			sourceTree = "<group>";
		};
		08CABAF3250D1CAB00CEC740 /* Components */ = {
			isa = PBXGroup;
			children = (
				08CABAF4250D1CD500CEC740 /* DetailInvestimentLbTitle.swift */,
				08CABAF6250D1E0700CEC740 /* DetailInvestimentLbTodayValues.swift */,
				08CABAF8250D1E9A00CEC740 /* DetailInvestimentLbInfos.swift */,
			);
			path = Components;
			sourceTree = "<group>";
		};
		172A0217251C068100A5B99B /* FirebaseAuth */ = {
			isa = PBXGroup;
			children = (
				176F19CD251C0F0B004AD555 /* Models */,
				172A0218251C074500A5B99B /* FirebaseAuth.swift */,
			);
			path = FirebaseAuth;
			sourceTree = "<group>";
		};
		176F19CD251C0F0B004AD555 /* Models */ = {
			isa = PBXGroup;
			children = (
				176F19CE251C0F37004AD555 /* Auth.swift */,
			);
			path = Models;
			sourceTree = "<group>";
		};
		179648B8250CF70C00DF6424 /* Coordinators */ = {
			isa = PBXGroup;
			children = (
				179648B9250CF75300DF6424 /* Coordinator.swift */,
				179648BB250CF81500DF6424 /* DetailInvestmentCoordinator.swift */,
				179648BD250CF82400DF6424 /* NewInvestmentCoordinator.swift */,
				179648BF250CF83700DF6424 /* ListInvestmentCoordinator.swift */,
				179648C1250CF84900DF6424 /* HomeCoordinator.swift */,
			);
			path = Coordinators;
			sourceTree = "<group>";
		};
		179648C4250D4B2600DF6424 /* ViewModel */ = {
			isa = PBXGroup;
			children = (
				179648C5250D4B4000DF6424 /* DetailInvestmentViewModel.swift */,
			);
			path = ViewModel;
			sourceTree = "<group>";
		};
		8ABB7C2C2503C3CF00DBAF15 /* Controllers */ = {
			isa = PBXGroup;
			children = (
				8ABB7C392503C80700DBAF15 /* ListInvestmentsViewController.swift */,
			);
			path = Controllers;
			sourceTree = "<group>";
		};
		8ABB7C2D2503C3DD00DBAF15 /* Views */ = {
			isa = PBXGroup;
			children = (
				8ABB7C2F2503C48800DBAF15 /* ListInvestments.storyboard */,
				8ABB7C3D2503CE7100DBAF15 /* ListInvestmentsTableViewCell.swift */,
				8AA4E22C250D0CBA00C1DB58 /* ListInvestmentsView.swift */,
			);
			path = Views;
			sourceTree = "<group>";
		};
		8ABB7C2E2503C3F000DBAF15 /* Models */ = {
			isa = PBXGroup;
			children = (
			);
			path = Models;
			sourceTree = "<group>";
		};
		8ABB7C312503C51800DBAF15 /* Shared */ = {
			isa = PBXGroup;
			children = (
				08CABAF1250D0D9B00CEC740 /* AppStyle.swift */,
				08CABAEA250CFE3800CEC740 /* Protocol */,
				8ABB7C422503E65A00DBAF15 /* Models */,
				8ABB7C3F2503E30D00DBAF15 /* API */,
				8ABB7C322503C52100DBAF15 /* Views */,
				BF9414AB2512E908000FA3B3 /* Localizable.strings */,
			);
			path = Shared;
			sourceTree = "<group>";
		};
		8ABB7C322503C52100DBAF15 /* Views */ = {
			isa = PBXGroup;
			children = (
				8ABB7C332503C52700DBAF15 /* Buttons */,
			);
			path = Views;
			sourceTree = "<group>";
		};
		8ABB7C332503C52700DBAF15 /* Buttons */ = {
			isa = PBXGroup;
			children = (
				8ABB7C342503C53A00DBAF15 /* GradientButton.swift */,
			);
			path = Buttons;
			sourceTree = "<group>";
		};
		8ABB7C362503C64600DBAF15 /* Extensions */ = {
			isa = PBXGroup;
			children = (
				8ABB7C372503C65600DBAF15 /* Color+Gradient.swift */,
				8ABB7C3B2503CAB600DBAF15 /* UITableView+FooterView.swift */,
				8ABB7C472503EEBA00DBAF15 /* Double+MoneyFormat.swift */,
				1755D2FC2503EED500B6691E /* UIVIewController+Context.swift */,
				E722700E2503FA0B006BF6F1 /* Date+Formatter.swift */,
				8ABEC83B2503F95D0008568D /* UIView+GradientSublayer.swift */,
				BF9414A12512E857000FA3B3 /* Localization.swift */,
			);
			path = Extensions;
			sourceTree = "<group>";
		};
		8ABB7C3F2503E30D00DBAF15 /* API */ = {
			isa = PBXGroup;
			children = (
				8ABB7C402503E32300DBAF15 /* ForexAPI.swift */,
			);
			path = API;
			sourceTree = "<group>";
		};
		8ABB7C422503E65A00DBAF15 /* Models */ = {
			isa = PBXGroup;
			children = (
				8ABB7C432503E66500DBAF15 /* ForexModel.swift */,
				8ABB7C452503ED7D00DBAF15 /* ForexQuote.swift */,
			);
			path = Models;
			sourceTree = "<group>";
		};
		8AF3E65A250CF70E00EA75CA /* ViewModel */ = {
			isa = PBXGroup;
			children = (
				8AF3E65B250CF72900EA75CA /* ListInvestmentsViewModel.swift */,
				8AAE714B250D003B0014F090 /* ListInvestmentsCellViewModel.swift */,
			);
			path = ViewModel;
			sourceTree = "<group>";
		};
		A953AA25355CAA2A736C56E6 /* Frameworks */ = {
			isa = PBXGroup;
			children = (
				C5E43DECA0557FA1FF766D9D /* Pods_Iti.framework */,
			);
			name = Frameworks;
			sourceTree = "<group>";
		};
		E7742465E66AC6262B6DE554 /* Pods */ = {
			isa = PBXGroup;
			children = (
				48857388B4AA3007DD506DF9 /* Pods-Iti.debug.xcconfig */,
				1E2597BD9E5687B2F66893FA /* Pods-Iti.release.xcconfig */,
			);
			path = Pods;
			sourceTree = "<group>";
		};
		E793C2ED2503C16B0093D921 /* ListInvestments */ = {
			isa = PBXGroup;
			children = (
				8AF3E65A250CF70E00EA75CA /* ViewModel */,
				8ABB7C2E2503C3F000DBAF15 /* Models */,
				8ABB7C2D2503C3DD00DBAF15 /* Views */,
				8ABB7C2C2503C3CF00DBAF15 /* Controllers */,
			);
			path = ListInvestments;
			sourceTree = "<group>";
		};
		E793C2EE2503C17F0093D921 /* NewInvestiment */ = {
			isa = PBXGroup;
			children = (
				E7BA968E250CF787006B464F /* ViewModel */,
				E793C2F22503C3E20093D921 /* Controller */,
				E793C2F12503C3DD0093D921 /* Model */,
				E793C2F02503C3D60093D921 /* View */,
				174ABA9B2503CADB00CC09E9 /* NewInvestmentModel.swift */,
				174ABA9D2503CAFC00CC09E9 /* InvestmentManager.swift */,
			);
			path = NewInvestiment;
			sourceTree = "<group>";
		};
		E793C2EF2503C1880093D921 /* DetailInvestiment */ = {
			isa = PBXGroup;
			children = (
				179648C4250D4B2600DF6424 /* ViewModel */,
				08723E782503C519006FF47F /* Model */,
				08723E762503C506006FF47F /* Controller */,
				08723E752503C4FD006FF47F /* View */,
			);
			path = DetailInvestiment;
			sourceTree = "<group>";
		};
		E793C2F02503C3D60093D921 /* View */ = {
			isa = PBXGroup;
			children = (
				E793C2F32503C41A0093D921 /* NewInvestiment.storyboard */,
				E7BA9694250D0FB8006B464F /* NewInvestment.swift */,
				E7BA9696250D0FED006B464F /* FormStackView.swift */,
			);
			path = View;
			sourceTree = "<group>";
		};
		E793C2F12503C3DD0093D921 /* Model */ = {
			isa = PBXGroup;
			children = (
				E722700A2503E4CC006BF6F1 /* CustomTextfield.swift */,
				E72270082503E4C7006BF6F1 /* CustomLabel.swift */,
				E722700C2503E502006BF6F1 /* FormStatus.swift */,
			);
			path = Model;
			sourceTree = "<group>";
		};
		E793C2F22503C3E20093D921 /* Controller */ = {
			isa = PBXGroup;
			children = (
				E793C2F52503C42B0093D921 /* NewInvestimentViewController.swift */,
			);
			path = Controller;
			sourceTree = "<group>";
		};
		E7BA968E250CF787006B464F /* ViewModel */ = {
			isa = PBXGroup;
			children = (
				E7BA968F250CF795006B464F /* InvestmentViewModel.swift */,
			);
			path = ViewModel;
			sourceTree = "<group>";
		};
		E7EAD0952503C05D00400CB7 = {
			isa = PBXGroup;
			children = (
				E7EAD0A02503C05D00400CB7 /* Iti */,
				E7EAD09F2503C05D00400CB7 /* Products */,
				E7742465E66AC6262B6DE554 /* Pods */,
				A953AA25355CAA2A736C56E6 /* Frameworks */,
			);
			sourceTree = "<group>";
		};
		E7EAD09F2503C05D00400CB7 /* Products */ = {
			isa = PBXGroup;
			children = (
				E7EAD09E2503C05D00400CB7 /* Iti.app */,
			);
			name = Products;
			sourceTree = "<group>";
		};
		E7EAD0A02503C05D00400CB7 /* Iti */ = {
			isa = PBXGroup;
			children = (
				172A0217251C068100A5B99B /* FirebaseAuth */,
				179648B8250CF70C00DF6424 /* Coordinators */,
				08CABAF3250D1CAB00CEC740 /* Components */,
				8ABB7C362503C64600DBAF15 /* Extensions */,
				8ABB7C312503C51800DBAF15 /* Shared */,
				E793C2EF2503C1880093D921 /* DetailInvestiment */,
				E793C2EE2503C17F0093D921 /* NewInvestiment */,
				E793C2ED2503C16B0093D921 /* ListInvestments */,
				E7EAD0B82503C11B00400CB7 /* Home */,
				E7EAD0A12503C05D00400CB7 /* AppDelegate.swift */,
				172A021A251C094100A5B99B /* GoogleService-Info.plist */,
				E7EAD0AD2503C05F00400CB7 /* Assets.xcassets */,
				E7EAD0AF2503C05F00400CB7 /* LaunchScreen.storyboard */,
				E7EAD0B22503C05F00400CB7 /* Info.plist */,
				E7EAD0AA2503C05D00400CB7 /* Iti.xcdatamodeld */,
			);
			path = Iti;
			sourceTree = "<group>";
		};
		E7EAD0B82503C11B00400CB7 /* Home */ = {
			isa = PBXGroup;
			children = (
				E7EAD0BA2503C13800400CB7 /* Model */,
				E7EAD0BB2503C13D00400CB7 /* View */,
				E7EAD0B92503C12500400CB7 /* Controller */,
			);
			path = Home;
			sourceTree = "<group>";
		};
		E7EAD0B92503C12500400CB7 /* Controller */ = {
			isa = PBXGroup;
			children = (
				E7EAD0A52503C05D00400CB7 /* ViewController.swift */,
				172A021C251C0B6F00A5B99B /* LoginTesteViewController.swift */,
			);
			path = Controller;
			sourceTree = "<group>";
		};
		E7EAD0BA2503C13800400CB7 /* Model */ = {
			isa = PBXGroup;
			children = (
			);
			path = Model;
			sourceTree = "<group>";
		};
		E7EAD0BB2503C13D00400CB7 /* View */ = {
			isa = PBXGroup;
			children = (
				E7EAD0A72503C05D00400CB7 /* Main.storyboard */,
			);
			path = View;
			sourceTree = "<group>";
		};
/* End PBXGroup section */

/* Begin PBXNativeTarget section */
		E7EAD09D2503C05D00400CB7 /* Iti */ = {
			isa = PBXNativeTarget;
			buildConfigurationList = E7EAD0B52503C05F00400CB7 /* Build configuration list for PBXNativeTarget "Iti" */;
			buildPhases = (
				23FE53EEF6F7ABA432DED1D3 /* [CP] Check Pods Manifest.lock */,
				E7EAD09A2503C05D00400CB7 /* Sources */,
				E7EAD09B2503C05D00400CB7 /* Frameworks */,
				E7EAD09C2503C05D00400CB7 /* Resources */,
				78FDBF483A41273D1116BEAA /* [CP] Embed Pods Frameworks */,
			);
			buildRules = (
			);
			dependencies = (
			);
			name = Iti;
			productName = Iti;
			productReference = E7EAD09E2503C05D00400CB7 /* Iti.app */;
			productType = "com.apple.product-type.application";
		};
/* End PBXNativeTarget section */

/* Begin PBXProject section */
		E7EAD0962503C05D00400CB7 /* Project object */ = {
			isa = PBXProject;
			attributes = {
				LastSwiftUpdateCheck = 1170;
				LastUpgradeCheck = 1170;
				ORGANIZATIONNAME = "Alan Rabelo Martins";
				TargetAttributes = {
					E7EAD09D2503C05D00400CB7 = {
						CreatedOnToolsVersion = 11.7;
					};
				};
			};
			buildConfigurationList = E7EAD0992503C05D00400CB7 /* Build configuration list for PBXProject "Iti" */;
			compatibilityVersion = "Xcode 9.3";
			developmentRegion = en;
			hasScannedForEncodings = 0;
			knownRegions = (
				en,
				Base,
				"pt-BR",
				es,
			);
			mainGroup = E7EAD0952503C05D00400CB7;
			productRefGroup = E7EAD09F2503C05D00400CB7 /* Products */;
			projectDirPath = "";
			projectRoot = "";
			targets = (
				E7EAD09D2503C05D00400CB7 /* Iti */,
			);
		};
/* End PBXProject section */

/* Begin PBXResourcesBuildPhase section */
		E7EAD09C2503C05D00400CB7 /* Resources */ = {
			isa = PBXResourcesBuildPhase;
			buildActionMask = 2147483647;
			files = (
				E793C2F42503C41A0093D921 /* NewInvestiment.storyboard in Resources */,
				E7EAD0B12503C05F00400CB7 /* LaunchScreen.storyboard in Resources */,
				08D39A152503FF5300E35499 /* DetailInvestiment.storyboard in Resources */,
				BF9414A92512E908000FA3B3 /* Localizable.strings in Resources */,
				8ABB7C302503C48800DBAF15 /* ListInvestments.storyboard in Resources */,
				E7EAD0AE2503C05F00400CB7 /* Assets.xcassets in Resources */,
				E7EAD0A92503C05D00400CB7 /* Main.storyboard in Resources */,
				172A021B251C094100A5B99B /* GoogleService-Info.plist in Resources */,
			);
			runOnlyForDeploymentPostprocessing = 0;
		};
/* End PBXResourcesBuildPhase section */

/* Begin PBXShellScriptBuildPhase section */
		23FE53EEF6F7ABA432DED1D3 /* [CP] Check Pods Manifest.lock */ = {
			isa = PBXShellScriptBuildPhase;
			buildActionMask = 2147483647;
			files = (
			);
			inputFileListPaths = (
			);
			inputPaths = (
				"${PODS_PODFILE_DIR_PATH}/Podfile.lock",
				"${PODS_ROOT}/Manifest.lock",
			);
			name = "[CP] Check Pods Manifest.lock";
			outputFileListPaths = (
			);
			outputPaths = (
				"$(DERIVED_FILE_DIR)/Pods-Iti-checkManifestLockResult.txt",
			);
			runOnlyForDeploymentPostprocessing = 0;
			shellPath = /bin/sh;
			shellScript = "diff \"${PODS_PODFILE_DIR_PATH}/Podfile.lock\" \"${PODS_ROOT}/Manifest.lock\" > /dev/null\nif [ $? != 0 ] ; then\n    # print error to STDERR\n    echo \"error: The sandbox is not in sync with the Podfile.lock. Run 'pod install' or update your CocoaPods installation.\" >&2\n    exit 1\nfi\n# This output is used by Xcode 'outputs' to avoid re-running this script phase.\necho \"SUCCESS\" > \"${SCRIPT_OUTPUT_FILE_0}\"\n";
			showEnvVarsInLog = 0;
		};
		78FDBF483A41273D1116BEAA /* [CP] Embed Pods Frameworks */ = {
			isa = PBXShellScriptBuildPhase;
			buildActionMask = 2147483647;
			files = (
			);
			inputFileListPaths = (
				"${PODS_ROOT}/Target Support Files/Pods-Iti/Pods-Iti-frameworks-${CONFIGURATION}-input-files.xcfilelist",
			);
			name = "[CP] Embed Pods Frameworks";
			outputFileListPaths = (
				"${PODS_ROOT}/Target Support Files/Pods-Iti/Pods-Iti-frameworks-${CONFIGURATION}-output-files.xcfilelist",
			);
			runOnlyForDeploymentPostprocessing = 0;
			shellPath = /bin/sh;
			shellScript = "\"${PODS_ROOT}/Target Support Files/Pods-Iti/Pods-Iti-frameworks.sh\"\n";
			showEnvVarsInLog = 0;
		};
/* End PBXShellScriptBuildPhase section */

/* Begin PBXSourcesBuildPhase section */
		E7EAD09A2503C05D00400CB7 /* Sources */ = {
			isa = PBXSourcesBuildPhase;
			buildActionMask = 2147483647;
			files = (
				08CABAEC250CFEB200CEC740 /* HasCodeView.swift in Sources */,
				174ABA9E2503CAFC00CC09E9 /* InvestmentManager.swift in Sources */,
				E7EAD0A62503C05D00400CB7 /* ViewController.swift in Sources */,
				E7EAD0A22503C05D00400CB7 /* AppDelegate.swift in Sources */,
				174ABA9C2503CADB00CC09E9 /* NewInvestmentModel.swift in Sources */,
				E7BA9695250D0FB8006B464F /* NewInvestment.swift in Sources */,
				179648C2250CF84900DF6424 /* HomeCoordinator.swift in Sources */,
				8ABB7C3C2503CAB700DBAF15 /* UITableView+FooterView.swift in Sources */,
				8ABB7C352503C53A00DBAF15 /* GradientButton.swift in Sources */,
				08CABAF7250D1E0700CEC740 /* DetailInvestimentLbTodayValues.swift in Sources */,
				8ABB7C482503EEBB00DBAF15 /* Double+MoneyFormat.swift in Sources */,
				E7EAD0A62503C05D00400CB7 /* ViewController.swift in Sources */,
				172A0219251C074500A5B99B /* FirebaseAuth.swift in Sources */,
				08CABAF5250D1CD500CEC740 /* DetailInvestimentLbTitle.swift in Sources */,
				E72270092503E4C7006BF6F1 /* CustomLabel.swift in Sources */,
				176F19CF251C0F37004AD555 /* Auth.swift in Sources */,
				E722700D2503E502006BF6F1 /* FormStatus.swift in Sources */,
				E7EAD0A22503C05D00400CB7 /* AppDelegate.swift in Sources */,
				8ABEC83C2503F95D0008568D /* UIView+GradientSublayer.swift in Sources */,
				8AF3E65C250CF72900EA75CA /* ListInvestmentsViewModel.swift in Sources */,
				179648C6250D4B4000DF6424 /* DetailInvestmentViewModel.swift in Sources */,
				1755D2FD2503EED500B6691E /* UIVIewController+Context.swift in Sources */,
				E7BA9690250CF795006B464F /* InvestmentViewModel.swift in Sources */,
				8ABB7C442503E66500DBAF15 /* ForexModel.swift in Sources */,
				179648BE250CF82400DF6424 /* NewInvestmentCoordinator.swift in Sources */,
				179648C0250CF83700DF6424 /* ListInvestmentCoordinator.swift in Sources */,
				8ABB7C412503E32300DBAF15 /* ForexAPI.swift in Sources */,
				E7BA9697250D0FED006B464F /* FormStackView.swift in Sources */,
				8AA4E22D250D0CBA00C1DB58 /* ListInvestmentsView.swift in Sources */,
				8ABB7C3E2503CE7100DBAF15 /* ListInvestmentsTableViewCell.swift in Sources */,
				179648BC250CF81500DF6424 /* DetailInvestmentCoordinator.swift in Sources */,
				E7EAD0AC2503C05D00400CB7 /* Iti.xcdatamodeld in Sources */,
				08723E7B2503C54C006FF47F /* DetailInvestimentViewController.swift in Sources */,
				08CABAEE250CFEC200CEC740 /* CodeView.swift in Sources */,
				08CABAF2250D0D9B00CEC740 /* AppStyle.swift in Sources */,
				08CABAF0250CFFB800CEC740 /* DetailInvestimentView.swift in Sources */,
				E793C2F62503C42B0093D921 /* NewInvestimentViewController.swift in Sources */,
				E722700B2503E4CC006BF6F1 /* CustomTextfield.swift in Sources */,
				8ABB7C3A2503C80700DBAF15 /* ListInvestmentsViewController.swift in Sources */,
				E722700F2503FA0B006BF6F1 /* Date+Formatter.swift in Sources */,
				E722700F2503FA0B006BF6F1 /* Date+Formatter.swift in Sources */,
				179648BA250CF75300DF6424 /* Coordinator.swift in Sources */,
				08CABAF9250D1E9A00CEC740 /* DetailInvestimentLbInfos.swift in Sources */,
				BF9414A22512E857000FA3B3 /* Localization.swift in Sources */,
				8ABB7C382503C65600DBAF15 /* Color+Gradient.swift in Sources */,
				8ABB7C462503ED7D00DBAF15 /* ForexQuote.swift in Sources */,
				8AAE714C250D003B0014F090 /* ListInvestmentsCellViewModel.swift in Sources */,
				172A021D251C0B6F00A5B99B /* LoginTesteViewController.swift in Sources */,
			);
			runOnlyForDeploymentPostprocessing = 0;
		};
/* End PBXSourcesBuildPhase section */

/* Begin PBXVariantGroup section */
		BF9414AB2512E908000FA3B3 /* Localizable.strings */ = {
			isa = PBXVariantGroup;
			children = (
				BF9414AA2512E908000FA3B3 /* en */,
				BF9414AC2512E90C000FA3B3 /* pt-BR */,
				BF9414AD2512E90E000FA3B3 /* es */,
			);
			name = Localizable.strings;
			sourceTree = "<group>";
		};
		E7EAD0A72503C05D00400CB7 /* Main.storyboard */ = {
			isa = PBXVariantGroup;
			children = (
				E7EAD0A82503C05D00400CB7 /* Base */,
				BF9414A52512E8DC000FA3B3 /* pt-BR */,
				BF9414A72512E8E8000FA3B3 /* es */,
			);
			name = Main.storyboard;
			sourceTree = "<group>";
		};
		E7EAD0AF2503C05F00400CB7 /* LaunchScreen.storyboard */ = {
			isa = PBXVariantGroup;
			children = (
				E7EAD0B02503C05F00400CB7 /* Base */,
				BF9414A62512E8DC000FA3B3 /* pt-BR */,
				BF9414A82512E8E8000FA3B3 /* es */,
			);
			name = LaunchScreen.storyboard;
			sourceTree = "<group>";
		};
/* End PBXVariantGroup section */

/* Begin XCBuildConfiguration section */
		E7EAD0B32503C05F00400CB7 /* Debug */ = {
			isa = XCBuildConfiguration;
			buildSettings = {
				ALWAYS_SEARCH_USER_PATHS = NO;
				CLANG_ANALYZER_LOCALIZABILITY_NONLOCALIZED = YES;
				CLANG_ANALYZER_NONNULL = YES;
				CLANG_ANALYZER_NUMBER_OBJECT_CONVERSION = YES_AGGRESSIVE;
				CLANG_CXX_LANGUAGE_STANDARD = "gnu++14";
				CLANG_CXX_LIBRARY = "libc++";
				CLANG_ENABLE_MODULES = YES;
				CLANG_ENABLE_OBJC_ARC = YES;
				CLANG_ENABLE_OBJC_WEAK = YES;
				CLANG_WARN_BLOCK_CAPTURE_AUTORELEASING = YES;
				CLANG_WARN_BOOL_CONVERSION = YES;
				CLANG_WARN_COMMA = YES;
				CLANG_WARN_CONSTANT_CONVERSION = YES;
				CLANG_WARN_DEPRECATED_OBJC_IMPLEMENTATIONS = YES;
				CLANG_WARN_DIRECT_OBJC_ISA_USAGE = YES_ERROR;
				CLANG_WARN_DOCUMENTATION_COMMENTS = YES;
				CLANG_WARN_EMPTY_BODY = YES;
				CLANG_WARN_ENUM_CONVERSION = YES;
				CLANG_WARN_INFINITE_RECURSION = YES;
				CLANG_WARN_INT_CONVERSION = YES;
				CLANG_WARN_NON_LITERAL_NULL_CONVERSION = YES;
				CLANG_WARN_OBJC_IMPLICIT_RETAIN_SELF = YES;
				CLANG_WARN_OBJC_LITERAL_CONVERSION = YES;
				CLANG_WARN_OBJC_ROOT_CLASS = YES_ERROR;
				CLANG_WARN_RANGE_LOOP_ANALYSIS = YES;
				CLANG_WARN_STRICT_PROTOTYPES = YES;
				CLANG_WARN_SUSPICIOUS_MOVE = YES;
				CLANG_WARN_UNGUARDED_AVAILABILITY = YES_AGGRESSIVE;
				CLANG_WARN_UNREACHABLE_CODE = YES;
				CLANG_WARN__DUPLICATE_METHOD_MATCH = YES;
				COPY_PHASE_STRIP = NO;
				DEBUG_INFORMATION_FORMAT = dwarf;
				ENABLE_STRICT_OBJC_MSGSEND = YES;
				ENABLE_TESTABILITY = YES;
				GCC_C_LANGUAGE_STANDARD = gnu11;
				GCC_DYNAMIC_NO_PIC = NO;
				GCC_NO_COMMON_BLOCKS = YES;
				GCC_OPTIMIZATION_LEVEL = 0;
				GCC_PREPROCESSOR_DEFINITIONS = (
					"DEBUG=1",
					"$(inherited)",
				);
				GCC_WARN_64_TO_32_BIT_CONVERSION = YES;
				GCC_WARN_ABOUT_RETURN_TYPE = YES_ERROR;
				GCC_WARN_UNDECLARED_SELECTOR = YES;
				GCC_WARN_UNINITIALIZED_AUTOS = YES_AGGRESSIVE;
				GCC_WARN_UNUSED_FUNCTION = YES;
				GCC_WARN_UNUSED_VARIABLE = YES;
				IPHONEOS_DEPLOYMENT_TARGET = 13.3;
				MTL_ENABLE_DEBUG_INFO = INCLUDE_SOURCE;
				MTL_FAST_MATH = YES;
				ONLY_ACTIVE_ARCH = YES;
				SDKROOT = iphoneos;
				SWIFT_ACTIVE_COMPILATION_CONDITIONS = DEBUG;
				SWIFT_OPTIMIZATION_LEVEL = "-Onone";
			};
			name = Debug;
		};
		E7EAD0B42503C05F00400CB7 /* Release */ = {
			isa = XCBuildConfiguration;
			buildSettings = {
				ALWAYS_SEARCH_USER_PATHS = NO;
				CLANG_ANALYZER_LOCALIZABILITY_NONLOCALIZED = YES;
				CLANG_ANALYZER_NONNULL = YES;
				CLANG_ANALYZER_NUMBER_OBJECT_CONVERSION = YES_AGGRESSIVE;
				CLANG_CXX_LANGUAGE_STANDARD = "gnu++14";
				CLANG_CXX_LIBRARY = "libc++";
				CLANG_ENABLE_MODULES = YES;
				CLANG_ENABLE_OBJC_ARC = YES;
				CLANG_ENABLE_OBJC_WEAK = YES;
				CLANG_WARN_BLOCK_CAPTURE_AUTORELEASING = YES;
				CLANG_WARN_BOOL_CONVERSION = YES;
				CLANG_WARN_COMMA = YES;
				CLANG_WARN_CONSTANT_CONVERSION = YES;
				CLANG_WARN_DEPRECATED_OBJC_IMPLEMENTATIONS = YES;
				CLANG_WARN_DIRECT_OBJC_ISA_USAGE = YES_ERROR;
				CLANG_WARN_DOCUMENTATION_COMMENTS = YES;
				CLANG_WARN_EMPTY_BODY = YES;
				CLANG_WARN_ENUM_CONVERSION = YES;
				CLANG_WARN_INFINITE_RECURSION = YES;
				CLANG_WARN_INT_CONVERSION = YES;
				CLANG_WARN_NON_LITERAL_NULL_CONVERSION = YES;
				CLANG_WARN_OBJC_IMPLICIT_RETAIN_SELF = YES;
				CLANG_WARN_OBJC_LITERAL_CONVERSION = YES;
				CLANG_WARN_OBJC_ROOT_CLASS = YES_ERROR;
				CLANG_WARN_RANGE_LOOP_ANALYSIS = YES;
				CLANG_WARN_STRICT_PROTOTYPES = YES;
				CLANG_WARN_SUSPICIOUS_MOVE = YES;
				CLANG_WARN_UNGUARDED_AVAILABILITY = YES_AGGRESSIVE;
				CLANG_WARN_UNREACHABLE_CODE = YES;
				CLANG_WARN__DUPLICATE_METHOD_MATCH = YES;
				COPY_PHASE_STRIP = NO;
				DEBUG_INFORMATION_FORMAT = "dwarf-with-dsym";
				ENABLE_NS_ASSERTIONS = NO;
				ENABLE_STRICT_OBJC_MSGSEND = YES;
				GCC_C_LANGUAGE_STANDARD = gnu11;
				GCC_NO_COMMON_BLOCKS = YES;
				GCC_WARN_64_TO_32_BIT_CONVERSION = YES;
				GCC_WARN_ABOUT_RETURN_TYPE = YES_ERROR;
				GCC_WARN_UNDECLARED_SELECTOR = YES;
				GCC_WARN_UNINITIALIZED_AUTOS = YES_AGGRESSIVE;
				GCC_WARN_UNUSED_FUNCTION = YES;
				GCC_WARN_UNUSED_VARIABLE = YES;
				IPHONEOS_DEPLOYMENT_TARGET = 13.3;
				MTL_ENABLE_DEBUG_INFO = NO;
				MTL_FAST_MATH = YES;
				SDKROOT = iphoneos;
				SWIFT_COMPILATION_MODE = wholemodule;
				SWIFT_OPTIMIZATION_LEVEL = "-O";
				VALIDATE_PRODUCT = YES;
			};
			name = Release;
		};
		E7EAD0B62503C05F00400CB7 /* Debug */ = {
			isa = XCBuildConfiguration;
			baseConfigurationReference = 48857388B4AA3007DD506DF9 /* Pods-Iti.debug.xcconfig */;
			buildSettings = {
				ASSETCATALOG_COMPILER_APPICON_NAME = AppIcon;
				CODE_SIGN_IDENTITY = "Apple Development";
				CODE_SIGN_STYLE = Automatic;
				DEVELOPMENT_TEAM = "";
				INFOPLIST_FILE = Iti/Info.plist;
				IPHONEOS_DEPLOYMENT_TARGET = 13.1;
				LD_RUNPATH_SEARCH_PATHS = (
					"$(inherited)",
					"@executable_path/Frameworks",
				);
				PRODUCT_BUNDLE_IDENTIFIER = io.github.alanrabelo.Iti;
				PRODUCT_NAME = "$(TARGET_NAME)";
				PROVISIONING_PROFILE_SPECIFIER = "";
				SWIFT_VERSION = 5.0;
				TARGETED_DEVICE_FAMILY = 1;
			};
			name = Debug;
		};
		E7EAD0B72503C05F00400CB7 /* Release */ = {
			isa = XCBuildConfiguration;
			baseConfigurationReference = 1E2597BD9E5687B2F66893FA /* Pods-Iti.release.xcconfig */;
			buildSettings = {
				ASSETCATALOG_COMPILER_APPICON_NAME = AppIcon;
				CODE_SIGN_STYLE = Automatic;
				DEVELOPMENT_TEAM = "";
				INFOPLIST_FILE = Iti/Info.plist;
				IPHONEOS_DEPLOYMENT_TARGET = 13.1;
				LD_RUNPATH_SEARCH_PATHS = (
					"$(inherited)",
					"@executable_path/Frameworks",
				);
				PRODUCT_BUNDLE_IDENTIFIER = io.github.alanrabelo.Iti;
				PRODUCT_NAME = "$(TARGET_NAME)";
				SWIFT_VERSION = 5.0;
				TARGETED_DEVICE_FAMILY = 1;
			};
			name = Release;
		};
/* End XCBuildConfiguration section */

/* Begin XCConfigurationList section */
		E7EAD0992503C05D00400CB7 /* Build configuration list for PBXProject "Iti" */ = {
			isa = XCConfigurationList;
			buildConfigurations = (
				E7EAD0B32503C05F00400CB7 /* Debug */,
				E7EAD0B42503C05F00400CB7 /* Release */,
			);
			defaultConfigurationIsVisible = 0;
			defaultConfigurationName = Release;
		};
		E7EAD0B52503C05F00400CB7 /* Build configuration list for PBXNativeTarget "Iti" */ = {
			isa = XCConfigurationList;
			buildConfigurations = (
				E7EAD0B62503C05F00400CB7 /* Debug */,
				E7EAD0B72503C05F00400CB7 /* Release */,
			);
			defaultConfigurationIsVisible = 0;
			defaultConfigurationName = Release;
		};
/* End XCConfigurationList section */

/* Begin XCVersionGroup section */
		E7EAD0AA2503C05D00400CB7 /* Iti.xcdatamodeld */ = {
			isa = XCVersionGroup;
			children = (
				E7EAD0AB2503C05D00400CB7 /* Iti.xcdatamodel */,
			);
			currentVersion = E7EAD0AB2503C05D00400CB7 /* Iti.xcdatamodel */;
			path = Iti.xcdatamodeld;
			sourceTree = "<group>";
			versionGroupType = wrapper.xcdatamodel;
		};
/* End XCVersionGroup section */
	};
	rootObject = E7EAD0962503C05D00400CB7 /* Project object */;
}
